
Microsoft Visual Studio Solution File, Format Version 12.00
# Visual Studio Version 16
VisualStudioVersion = 16.0.30907.101
MinimumVisualStudioVersion = 10.0.40219.1
Project("{E53339B2-1760-4266-BCC7-CA923CBCF16C}") = "docker-compose", "docker-compose.dcproj", "{62128602-2A54-465F-AFD8-DBC535F85F61}"
EndProject
Project("{9A19103F-16F7-4668-BE54-9A1E7A4F7556}") = "ExerciseMicroService", "ExerciseMicroService\ExerciseMicroService.csproj", "{2871908D-FA48-4803-BBCA-A6B17F175116}"
EndProject
Project("{9A19103F-16F7-4668-BE54-9A1E7A4F7556}") = "ActivityMicroService", "ActivityMicroService\ActivityMicroService.csproj", "{9B79525D-A57F-44BD-B8E6-484E3745D64D}"
EndProject
Project("{9A19103F-16F7-4668-BE54-9A1E7A4F7556}") = "IngredientMicroService", "IngredientMicroService\IngredientMicroService.csproj", "{B0DEA4DB-3893-4167-AE9F-7B82DF51DA2C}"
EndProject
Project("{9A19103F-16F7-4668-BE54-9A1E7A4F7556}") = "RecipeMicroService", "RecipeMicroService\RecipeMicroService.csproj", "{58ACABEA-7E0F-4DD0-9F4F-E66A7FF4331E}"
EndProject
Project("{9A19103F-16F7-4668-BE54-9A1E7A4F7556}") = "UserMicroService", "UserMicroService\UserMicroService.csproj", "{6029CC5C-B8F2-424C-AFA4-D3092B29B829}"
EndProject
Project("{9A19103F-16F7-4668-BE54-9A1E7A4F7556}") = "EatingMicroService", "EatingMicroService\EatingMicroService.csproj", "{98EB7A39-EA90-4574-93E4-98D2A61F42EC}"
EndProject
Project("{9A19103F-16F7-4668-BE54-9A1E7A4F7556}") = "ApiGateway", "ApiGateway\ApiGateway.csproj", "{D5DEC72D-6A98-499E-B108-A877948A85C2}"
EndProject
Project("{9A19103F-16F7-4668-BE54-9A1E7A4F7556}") = "AzureFunctions", "..\AzureFunctions\AzureFunctions.csproj", "{5851003B-0176-41EF-8DDA-D616E1EEF5C9}"
EndProject
Project("{9A19103F-16F7-4668-BE54-9A1E7A4F7556}") = "IngredientTests", "..\Tests\IngredientTests\IngredientTests.csproj", "{984A5271-9BE4-4177-B681-A322E02F285A}"
EndProject
Project("{9A19103F-16F7-4668-BE54-9A1E7A4F7556}") = "ExerciseTests", "..\Tests\ExerciseTests\ExerciseTests.csproj", "{8B8F9CB9-5F7E-4A32-8E50-764C4770021C}"
EndProject
Project("{9A19103F-16F7-4668-BE54-9A1E7A4F7556}") = "ActivityTests", "..\Tests\ActivityTests\ActivityTests.csproj", "{68DA2DFA-C6E6-4B9E-A45F-95711022F183}"
EndProject
Project("{9A19103F-16F7-4668-BE54-9A1E7A4F7556}") = "EatingTests", "..\Tests\EatingTests\EatingTests.csproj", "{2ECA29D5-708C-4A61-A4D2-253A69E10C5D}"
EndProject
Project("{2150E333-8FDC-42A3-9474-1A3956D46DE8}") = "Tests", "Tests", "{9A65C355-9E13-43F5-8452-DD072F96BAA1}"
EndProject
Project("{2150E333-8FDC-42A3-9474-1A3956D46DE8}") = "MicroServices", "MicroServices", "{61693A3F-28E0-4137-8F38-67498F6A250A}"
EndProject
Project("{9A19103F-16F7-4668-BE54-9A1E7A4F7556}") = "RecipeTests", "..\Tests\RecipeTests\RecipeTests.csproj", "{AF42E68F-C854-4482-9BBF-9BA28C38A5A8}"
EndProject
Project("{9A19103F-16F7-4668-BE54-9A1E7A4F7556}") = "UserTests", "..\Tests\UserTests\UserTests.csproj", "{DA07CE8E-8341-484F-85CB-8E821124C7A5}"
EndProject
Global
	GlobalSection(SolutionConfigurationPlatforms) = preSolution
		Debug|Any CPU = Debug|Any CPU
		Release|Any CPU = Release|Any CPU
	EndGlobalSection
	GlobalSection(ProjectConfigurationPlatforms) = postSolution
		{62128602-2A54-465F-AFD8-DBC535F85F61}.Debug|Any CPU.ActiveCfg = Debug|Any CPU
		{62128602-2A54-465F-AFD8-DBC535F85F61}.Debug|Any CPU.Build.0 = Debug|Any CPU
		{62128602-2A54-465F-AFD8-DBC535F85F61}.Release|Any CPU.ActiveCfg = Release|Any CPU
		{62128602-2A54-465F-AFD8-DBC535F85F61}.Release|Any CPU.Build.0 = Release|Any CPU
		{2871908D-FA48-4803-BBCA-A6B17F175116}.Debug|Any CPU.ActiveCfg = Debug|Any CPU
		{2871908D-FA48-4803-BBCA-A6B17F175116}.Debug|Any CPU.Build.0 = Debug|Any CPU
		{2871908D-FA48-4803-BBCA-A6B17F175116}.Release|Any CPU.ActiveCfg = Release|Any CPU
		{2871908D-FA48-4803-BBCA-A6B17F175116}.Release|Any CPU.Build.0 = Release|Any CPU
		{9B79525D-A57F-44BD-B8E6-484E3745D64D}.Debug|Any CPU.ActiveCfg = Debug|Any CPU
		{9B79525D-A57F-44BD-B8E6-484E3745D64D}.Debug|Any CPU.Build.0 = Debug|Any CPU
		{9B79525D-A57F-44BD-B8E6-484E3745D64D}.Release|Any CPU.ActiveCfg = Release|Any CPU
		{9B79525D-A57F-44BD-B8E6-484E3745D64D}.Release|Any CPU.Build.0 = Release|Any CPU
		{B0DEA4DB-3893-4167-AE9F-7B82DF51DA2C}.Debug|Any CPU.ActiveCfg = Debug|Any CPU
		{B0DEA4DB-3893-4167-AE9F-7B82DF51DA2C}.Debug|Any CPU.Build.0 = Debug|Any CPU
		{B0DEA4DB-3893-4167-AE9F-7B82DF51DA2C}.Release|Any CPU.ActiveCfg = Release|Any CPU
		{B0DEA4DB-3893-4167-AE9F-7B82DF51DA2C}.Release|Any CPU.Build.0 = Release|Any CPU
		{58ACABEA-7E0F-4DD0-9F4F-E66A7FF4331E}.Debug|Any CPU.ActiveCfg = Debug|Any CPU
		{58ACABEA-7E0F-4DD0-9F4F-E66A7FF4331E}.Debug|Any CPU.Build.0 = Debug|Any CPU
		{58ACABEA-7E0F-4DD0-9F4F-E66A7FF4331E}.Release|Any CPU.ActiveCfg = Release|Any CPU
		{58ACABEA-7E0F-4DD0-9F4F-E66A7FF4331E}.Release|Any CPU.Build.0 = Release|Any CPU
		{6029CC5C-B8F2-424C-AFA4-D3092B29B829}.Debug|Any CPU.ActiveCfg = Debug|Any CPU
		{6029CC5C-B8F2-424C-AFA4-D3092B29B829}.Debug|Any CPU.Build.0 = Debug|Any CPU
		{6029CC5C-B8F2-424C-AFA4-D3092B29B829}.Release|Any CPU.ActiveCfg = Release|Any CPU
		{6029CC5C-B8F2-424C-AFA4-D3092B29B829}.Release|Any CPU.Build.0 = Release|Any CPU
		{98EB7A39-EA90-4574-93E4-98D2A61F42EC}.Debug|Any CPU.ActiveCfg = Debug|Any CPU
		{98EB7A39-EA90-4574-93E4-98D2A61F42EC}.Debug|Any CPU.Build.0 = Debug|Any CPU
		{98EB7A39-EA90-4574-93E4-98D2A61F42EC}.Release|Any CPU.ActiveCfg = Release|Any CPU
		{98EB7A39-EA90-4574-93E4-98D2A61F42EC}.Release|Any CPU.Build.0 = Release|Any CPU
		{D5DEC72D-6A98-499E-B108-A877948A85C2}.Debug|Any CPU.ActiveCfg = Debug|Any CPU
		{D5DEC72D-6A98-499E-B108-A877948A85C2}.Debug|Any CPU.Build.0 = Debug|Any CPU
		{D5DEC72D-6A98-499E-B108-A877948A85C2}.Release|Any CPU.ActiveCfg = Release|Any CPU
		{D5DEC72D-6A98-499E-B108-A877948A85C2}.Release|Any CPU.Build.0 = Release|Any CPU
		{5851003B-0176-41EF-8DDA-D616E1EEF5C9}.Debug|Any CPU.ActiveCfg = Debug|Any CPU
		{5851003B-0176-41EF-8DDA-D616E1EEF5C9}.Debug|Any CPU.Build.0 = Debug|Any CPU
		{5851003B-0176-41EF-8DDA-D616E1EEF5C9}.Release|Any CPU.ActiveCfg = Release|Any CPU
		{5851003B-0176-41EF-8DDA-D616E1EEF5C9}.Release|Any CPU.Build.0 = Release|Any CPU
		{984A5271-9BE4-4177-B681-A322E02F285A}.Debug|Any CPU.ActiveCfg = Debug|Any CPU
		{984A5271-9BE4-4177-B681-A322E02F285A}.Debug|Any CPU.Build.0 = Debug|Any CPU
		{984A5271-9BE4-4177-B681-A322E02F285A}.Release|Any CPU.ActiveCfg = Release|Any CPU
		{984A5271-9BE4-4177-B681-A322E02F285A}.Release|Any CPU.Build.0 = Release|Any CPU
		{8B8F9CB9-5F7E-4A32-8E50-764C4770021C}.Debug|Any CPU.ActiveCfg = Debug|Any CPU
		{8B8F9CB9-5F7E-4A32-8E50-764C4770021C}.Debug|Any CPU.Build.0 = Debug|Any CPU
		{8B8F9CB9-5F7E-4A32-8E50-764C4770021C}.Release|Any CPU.ActiveCfg = Release|Any CPU
		{8B8F9CB9-5F7E-4A32-8E50-764C4770021C}.Release|Any CPU.Build.0 = Release|Any CPU
		{68DA2DFA-C6E6-4B9E-A45F-95711022F183}.Debug|Any CPU.ActiveCfg = Debug|Any CPU
		{68DA2DFA-C6E6-4B9E-A45F-95711022F183}.Debug|Any CPU.Build.0 = Debug|Any CPU
		{68DA2DFA-C6E6-4B9E-A45F-95711022F183}.Release|Any CPU.ActiveCfg = Release|Any CPU
		{68DA2DFA-C6E6-4B9E-A45F-95711022F183}.Release|Any CPU.Build.0 = Release|Any CPU
		{2ECA29D5-708C-4A61-A4D2-253A69E10C5D}.Debug|Any CPU.ActiveCfg = Debug|Any CPU
		{2ECA29D5-708C-4A61-A4D2-253A69E10C5D}.Debug|Any CPU.Build.0 = Debug|Any CPU
		{2ECA29D5-708C-4A61-A4D2-253A69E10C5D}.Release|Any CPU.ActiveCfg = Release|Any CPU
		{2ECA29D5-708C-4A61-A4D2-253A69E10C5D}.Release|Any CPU.Build.0 = Release|Any CPU
		{AF42E68F-C854-4482-9BBF-9BA28C38A5A8}.Debug|Any CPU.ActiveCfg = Debug|Any CPU
		{AF42E68F-C854-4482-9BBF-9BA28C38A5A8}.Debug|Any CPU.Build.0 = Debug|Any CPU
		{AF42E68F-C854-4482-9BBF-9BA28C38A5A8}.Release|Any CPU.ActiveCfg = Release|Any CPU
		{AF42E68F-C854-4482-9BBF-9BA28C38A5A8}.Release|Any CPU.Build.0 = Release|Any CPU
		{DA07CE8E-8341-484F-85CB-8E821124C7A5}.Debug|Any CPU.ActiveCfg = Debug|Any CPU
		{DA07CE8E-8341-484F-85CB-8E821124C7A5}.Debug|Any CPU.Build.0 = Debug|Any CPU
		{DA07CE8E-8341-484F-85CB-8E821124C7A5}.Release|Any CPU.ActiveCfg = Release|Any CPU
		{DA07CE8E-8341-484F-85CB-8E821124C7A5}.Release|Any CPU.Build.0 = Release|Any CPU
	EndGlobalSection
	GlobalSection(SolutionProperties) = preSolution
		HideSolutionNode = FALSE
	EndGlobalSection
	GlobalSection(NestedProjects) = preSolution
		{2871908D-FA48-4803-BBCA-A6B17F175116} = {61693A3F-28E0-4137-8F38-67498F6A250A}
		{9B79525D-A57F-44BD-B8E6-484E3745D64D} = {61693A3F-28E0-4137-8F38-67498F6A250A}
		{B0DEA4DB-3893-4167-AE9F-7B82DF51DA2C} = {61693A3F-28E0-4137-8F38-67498F6A250A}
		{58ACABEA-7E0F-4DD0-9F4F-E66A7FF4331E} = {61693A3F-28E0-4137-8F38-67498F6A250A}
		{6029CC5C-B8F2-424C-AFA4-D3092B29B829} = {61693A3F-28E0-4137-8F38-67498F6A250A}
		{98EB7A39-EA90-4574-93E4-98D2A61F42EC} = {61693A3F-28E0-4137-8F38-67498F6A250A}
		{984A5271-9BE4-4177-B681-A322E02F285A} = {9A65C355-9E13-43F5-8452-DD072F96BAA1}
		{8B8F9CB9-5F7E-4A32-8E50-764C4770021C} = {9A65C355-9E13-43F5-8452-DD072F96BAA1}
		{68DA2DFA-C6E6-4B9E-A45F-95711022F183} = {9A65C355-9E13-43F5-8452-DD072F96BAA1}
		{2ECA29D5-708C-4A61-A4D2-253A69E10C5D} = {9A65C355-9E13-43F5-8452-DD072F96BAA1}
		{AF42E68F-C854-4482-9BBF-9BA28C38A5A8} = {9A65C355-9E13-43F5-8452-DD072F96BAA1}
		{DA07CE8E-8341-484F-85CB-8E821124C7A5} = {9A65C355-9E13-43F5-8452-DD072F96BAA1}
	EndGlobalSection
	GlobalSection(ExtensibilityGlobals) = postSolution
		SolutionGuid = {D473E360-EB79-474B-A0ED-A5972ADEA5F1}
	EndGlobalSection
EndGlobal
