
Microsoft Visual Studio Solution File, Format Version 12.00
# Visual Studio Version 16
VisualStudioVersion = 16.0.30907.101
MinimumVisualStudioVersion = 10.0.40219.1
Project("{E53339B2-1760-4266-BCC7-CA923CBCF16C}") = "docker-compose", "docker-compose.dcproj", "{62128602-2A54-465F-AFD8-DBC535F85F61}"
EndProject
Project("{9A19103F-16F7-4668-BE54-9A1E7A4F7556}") = "ExerciseMicroService", "ExerciseMicroService\ExerciseMicroService.csproj", "{2871908D-FA48-4803-BBCA-A6B17F175116}"
EndProject
Project("{9A19103F-16F7-4668-BE54-9A1E7A4F7556}") = "ActivityMicroService", "ActivityMicroService\ActivityMicroService.csproj", "{9B79525D-A57F-44BD-B8E6-484E3745D64D}"
EndProject
Project("{9A19103F-16F7-4668-BE54-9A1E7A4F7556}") = "IngredientMicroService", "IngredientMicroService\IngredientMicroService.csproj", "{B0DEA4DB-3893-4167-AE9F-7B82DF51DA2C}"
EndProject
Project("{9A19103F-16F7-4668-BE54-9A1E7A4F7556}") = "RecipeMicroService", "RecipeMicroService\RecipeMicroService.csproj", "{58ACABEA-7E0F-4DD0-9F4F-E66A7FF4331E}"
EndProject
Project("{9A19103F-16F7-4668-BE54-9A1E7A4F7556}") = "UserMicroService", "UserMicroService\UserMicroService.csproj", "{6029CC5C-B8F2-424C-AFA4-D3092B29B829}"
EndProject
Project("{9A19103F-16F7-4668-BE54-9A1E7A4F7556}") = "EatingMicroService", "EatingMicroService\EatingMicroService.csproj", "{98EB7A39-EA90-4574-93E4-98D2A61F42EC}"
EndProject
Project("{9A19103F-16F7-4668-BE54-9A1E7A4F7556}") = "ApiGateway", "ApiGateway\ApiGateway.csproj", "{D5DEC72D-6A98-499E-B108-A877948A85C2}"
EndProject
Project("{9A19103F-16F7-4668-BE54-9A1E7A4F7556}") = "AzureFunctions", "..\AzureFunctions\AzureFunctions.csproj", "{5851003B-0176-41EF-8DDA-D616E1EEF5C9}"
EndProject
Global
	GlobalSection(SolutionConfigurationPlatforms) = preSolution
		Debug|Any CPU = Debug|Any CPU
		Release|Any CPU = Release|Any CPU
	EndGlobalSection
	GlobalSection(ProjectConfigurationPlatforms) = postSolution
		{62128602-2A54-465F-AFD8-DBC535F85F61}.Debug|Any CPU.ActiveCfg = Debug|Any CPU
		{62128602-2A54-465F-AFD8-DBC535F85F61}.Debug|Any CPU.Build.0 = Debug|Any CPU
		{62128602-2A54-465F-AFD8-DBC535F85F61}.Release|Any CPU.ActiveCfg = Release|Any CPU
		{62128602-2A54-465F-AFD8-DBC535F85F61}.Release|Any CPU.Build.0 = Release|Any CPU
		{2871908D-FA48-4803-BBCA-A6B17F175116}.Debug|Any CPU.ActiveCfg = Debug|Any CPU
		{2871908D-FA48-4803-BBCA-A6B17F175116}.Debug|Any CPU.Build.0 = Debug|Any CPU
		{2871908D-FA48-4803-BBCA-A6B17F175116}.Release|Any CPU.ActiveCfg = Release|Any CPU
		{2871908D-FA48-4803-BBCA-A6B17F175116}.Release|Any CPU.Build.0 = Release|Any CPU
		{9B79525D-A57F-44BD-B8E6-484E3745D64D}.Debug|Any CPU.ActiveCfg = Debug|Any CPU
		{9B79525D-A57F-44BD-B8E6-484E3745D64D}.Debug|Any CPU.Build.0 = Debug|Any CPU
		{9B79525D-A57F-44BD-B8E6-484E3745D64D}.Release|Any CPU.ActiveCfg = Release|Any CPU
		{9B79525D-A57F-44BD-B8E6-484E3745D64D}.Release|Any CPU.Build.0 = Release|Any CPU
		{B0DEA4DB-3893-4167-AE9F-7B82DF51DA2C}.Debug|Any CPU.ActiveCfg = Debug|Any CPU
		{B0DEA4DB-3893-4167-AE9F-7B82DF51DA2C}.Debug|Any CPU.Build.0 = Debug|Any CPU
		{B0DEA4DB-3893-4167-AE9F-7B82DF51DA2C}.Release|Any CPU.ActiveCfg = Release|Any CPU
		{B0DEA4DB-3893-4167-AE9F-7B82DF51DA2C}.Release|Any CPU.Build.0 = Release|Any CPU
		{58ACABEA-7E0F-4DD0-9F4F-E66A7FF4331E}.Debug|Any CPU.ActiveCfg = Debug|Any CPU
		{58ACABEA-7E0F-4DD0-9F4F-E66A7FF4331E}.Debug|Any CPU.Build.0 = Debug|Any CPU
		{58ACABEA-7E0F-4DD0-9F4F-E66A7FF4331E}.Release|Any CPU.ActiveCfg = Release|Any CPU
		{58ACABEA-7E0F-4DD0-9F4F-E66A7FF4331E}.Release|Any CPU.Build.0 = Release|Any CPU
		{6029CC5C-B8F2-424C-AFA4-D3092B29B829}.Debug|Any CPU.ActiveCfg = Debug|Any CPU
		{6029CC5C-B8F2-424C-AFA4-D3092B29B829}.Debug|Any CPU.Build.0 = Debug|Any CPU
		{6029CC5C-B8F2-424C-AFA4-D3092B29B829}.Release|Any CPU.ActiveCfg = Release|Any CPU
		{6029CC5C-B8F2-424C-AFA4-D3092B29B829}.Release|Any CPU.Build.0 = Release|Any CPU
		{98EB7A39-EA90-4574-93E4-98D2A61F42EC}.Debug|Any CPU.ActiveCfg = Debug|Any CPU
		{98EB7A39-EA90-4574-93E4-98D2A61F42EC}.Debug|Any CPU.Build.0 = Debug|Any CPU
		{98EB7A39-EA90-4574-93E4-98D2A61F42EC}.Release|Any CPU.ActiveCfg = Release|Any CPU
		{98EB7A39-EA90-4574-93E4-98D2A61F42EC}.Release|Any CPU.Build.0 = Release|Any CPU
		{D5DEC72D-6A98-499E-B108-A877948A85C2}.Debug|Any CPU.ActiveCfg = Debug|Any CPU
		{D5DEC72D-6A98-499E-B108-A877948A85C2}.Debug|Any CPU.Build.0 = Debug|Any CPU
		{D5DEC72D-6A98-499E-B108-A877948A85C2}.Release|Any CPU.ActiveCfg = Release|Any CPU
		{D5DEC72D-6A98-499E-B108-A877948A85C2}.Release|Any CPU.Build.0 = Release|Any CPU
		{5851003B-0176-41EF-8DDA-D616E1EEF5C9}.Debug|Any CPU.ActiveCfg = Debug|Any CPU
		{5851003B-0176-41EF-8DDA-D616E1EEF5C9}.Debug|Any CPU.Build.0 = Debug|Any CPU
		{5851003B-0176-41EF-8DDA-D616E1EEF5C9}.Release|Any CPU.ActiveCfg = Release|Any CPU
		{5851003B-0176-41EF-8DDA-D616E1EEF5C9}.Release|Any CPU.Build.0 = Release|Any CPU
	EndGlobalSection
	GlobalSection(SolutionProperties) = preSolution
		HideSolutionNode = FALSE
	EndGlobalSection
	GlobalSection(ExtensibilityGlobals) = postSolution
		SolutionGuid = {D473E360-EB79-474B-A0ED-A5972ADEA5F1}
	EndGlobalSection
EndGlobal
